
Microsoft Visual Studio Solution File, Format Version 12.00
# Visual Studio 15
Project("{FAE04EC0-301F-11D3-BF4B-00C04F79EFBC}") = "Assembly-CSharp-Editor", "Assembly-CSharp-Editor.csproj", "{A3A77945-1D6D-A2B9-3352-42382E63750F}"
EndProject
Project("{FAE04EC0-301F-11D3-BF4B-00C04F79EFBC}") = "Assembly-CSharp", "Assembly-CSharp.csproj", "{1C8CBDC2-97D3-C73C-92AA-654EB9ACB9D4}"
EndProject
Global
	GlobalSection(SolutionConfigurationPlatforms) = preSolution
		Debug|Any CPU = Debug|Any CPU
		Release|Any CPU = Release|Any CPU
	EndGlobalSection
	GlobalSection(ProjectConfigurationPlatforms) = postSolution
		{A3A77945-1D6D-A2B9-3352-42382E63750F}.Debug|Any CPU.ActiveCfg = Debug|Any CPU
		{A3A77945-1D6D-A2B9-3352-42382E63750F}.Debug|Any CPU.Build.0 = Debug|Any CPU
		{A3A77945-1D6D-A2B9-3352-42382E63750F}.Release|Any CPU.ActiveCfg = Release|Any CPU
		{A3A77945-1D6D-A2B9-3352-42382E63750F}.Release|Any CPU.Build.0 = Release|Any CPU
		{1C8CBDC2-97D3-C73C-92AA-654EB9ACB9D4}.Debug|Any CPU.ActiveCfg = Debug|Any CPU
		{1C8CBDC2-97D3-C73C-92AA-654EB9ACB9D4}.Debug|Any CPU.Build.0 = Debug|Any CPU
		{1C8CBDC2-97D3-C73C-92AA-654EB9ACB9D4}.Release|Any CPU.ActiveCfg = Release|Any CPU
		{1C8CBDC2-97D3-C73C-92AA-654EB9ACB9D4}.Release|Any CPU.Build.0 = Release|Any CPU
	EndGlobalSection
	GlobalSection(SolutionProperties) = preSolution
		HideSolutionNode = FALSE
	EndGlobalSection
EndGlobal
